// !$*UTF8*$!
{
	archiveVersion = 1;
	classes = {
	};
	objectVersion = 56;
	objects = {

/* Begin PBXBuildFile section */
		3FA8B5A52AC45F3A00F2D3B9 /* MatchModel.swift in Sources */ = {isa = PBXBuildFile; fileRef = 3FA8B5A42AC45F3A00F2D3B9 /* MatchModel.swift */; };
		8827E0E82AC45DD60025581C /* CardComponent.swift in Sources */ = {isa = PBXBuildFile; fileRef = 8827E0E72AC45DD60025581C /* CardComponent.swift */; };
		88B2CB4A2AC30D8200E1EBD3 /* GameView.swift in Sources */ = {isa = PBXBuildFile; fileRef = 88B2CB492AC30D8200E1EBD3 /* GameView.swift */; };
		88B2CB4D2AC3174800E1EBD3 /* ScoreView.swift in Sources */ = {isa = PBXBuildFile; fileRef = 88B2CB4C2AC3174800E1EBD3 /* ScoreView.swift */; };
		D1A9D6F62AC1AECD00A13B0D /* CardModel.swift in Sources */ = {isa = PBXBuildFile; fileRef = D1A9D6F52AC1AECD00A13B0D /* CardModel.swift */; };
		D1A9D6F82AC1AFA500A13B0D /* DeckOfCards.swift in Sources */ = {isa = PBXBuildFile; fileRef = D1A9D6F72AC1AFA500A13B0D /* DeckOfCards.swift */; };
		D1A9D6FA2AC1B00D00A13B0D /* DrawModel.swift in Sources */ = {isa = PBXBuildFile; fileRef = D1A9D6F92AC1B00D00A13B0D /* DrawModel.swift */; };
		D1A9D6FC2AC1B0C800A13B0D /* ShuffleModel.swift in Sources */ = {isa = PBXBuildFile; fileRef = D1A9D6FB2AC1B0C800A13B0D /* ShuffleModel.swift */; };
		D1A9D6FF2AC1B21800A13B0D /* ApiRequest.swift in Sources */ = {isa = PBXBuildFile; fileRef = D1A9D6FE2AC1B21800A13B0D /* ApiRequest.swift */; };
		D1A9D7022AC1B8D900A13B0D /* HomeView.swift in Sources */ = {isa = PBXBuildFile; fileRef = D1A9D7012AC1B8D900A13B0D /* HomeView.swift */; };
		D1A9D7052AC2FD3D00A13B0D /* PlayerModel.swift in Sources */ = {isa = PBXBuildFile; fileRef = D1A9D7042AC2FD3D00A13B0D /* PlayerModel.swift */; };
		D1A9D7082AC3017A00A13B0D /* PlayerManager.swift in Sources */ = {isa = PBXBuildFile; fileRef = D1A9D7072AC3017A00A13B0D /* PlayerManager.swift */; };
		D1A9D70A2AC30C6000A13B0D /* GameManager.swift in Sources */ = {isa = PBXBuildFile; fileRef = D1A9D7092AC30C6000A13B0D /* GameManager.swift */; };
		D1A9D70C2AC4532B00A13B0D /* TableModel.swift in Sources */ = {isa = PBXBuildFile; fileRef = D1A9D70B2AC4532B00A13B0D /* TableModel.swift */; };
		D1A9D70E2AC4546C00A13B0D /* TableManager.swift in Sources */ = {isa = PBXBuildFile; fileRef = D1A9D70D2AC4546C00A13B0D /* TableManager.swift */; };
		D1F1D8F72ABDD7D7002ED8E3 /* HackaTrucoApp.swift in Sources */ = {isa = PBXBuildFile; fileRef = D1F1D8F62ABDD7D7002ED8E3 /* HackaTrucoApp.swift */; };
		D1F1D8F92ABDD7D7002ED8E3 /* ContentView.swift in Sources */ = {isa = PBXBuildFile; fileRef = D1F1D8F82ABDD7D7002ED8E3 /* ContentView.swift */; };
		D1F1D8FB2ABDD7D8002ED8E3 /* Assets.xcassets in Resources */ = {isa = PBXBuildFile; fileRef = D1F1D8FA2ABDD7D8002ED8E3 /* Assets.xcassets */; };
		D1F1D8FE2ABDD7D8002ED8E3 /* Preview Assets.xcassets in Resources */ = {isa = PBXBuildFile; fileRef = D1F1D8FD2ABDD7D8002ED8E3 /* Preview Assets.xcassets */; };
		D1F1D9082ABDD7D8002ED8E3 /* HackaTrucoTests.swift in Sources */ = {isa = PBXBuildFile; fileRef = D1F1D9072ABDD7D8002ED8E3 /* HackaTrucoTests.swift */; };
		D1F1D9122ABDD7D8002ED8E3 /* HackaTrucoUITests.swift in Sources */ = {isa = PBXBuildFile; fileRef = D1F1D9112ABDD7D8002ED8E3 /* HackaTrucoUITests.swift */; };
		D1F1D9142ABDD7D8002ED8E3 /* HackaTrucoUITestsLaunchTests.swift in Sources */ = {isa = PBXBuildFile; fileRef = D1F1D9132ABDD7D8002ED8E3 /* HackaTrucoUITestsLaunchTests.swift */; };
		D45EE7F92AC1BE7900C3D4AD /* RegrasView.swift in Sources */ = {isa = PBXBuildFile; fileRef = D45EE7F82AC1BE7900C3D4AD /* RegrasView.swift */; };
		D45EE7FB2AC1BE8700C3D4AD /* EstatísticasView.swift in Sources */ = {isa = PBXBuildFile; fileRef = D45EE7FA2AC1BE8700C3D4AD /* EstatísticasView.swift */; };
		D45EE7FE2AC1BEC500C3D4AD /* RetanguloComponente.swift in Sources */ = {isa = PBXBuildFile; fileRef = D45EE7FD2AC1BEC500C3D4AD /* RetanguloComponente.swift */; };
		D45EE8002AC1D34500C3D4AD /* RegrasComponente.swift in Sources */ = {isa = PBXBuildFile; fileRef = D45EE7FF2AC1D34500C3D4AD /* RegrasComponente.swift */; };
		D45EE8022AC1D68A00C3D4AD /* Regras.swift in Sources */ = {isa = PBXBuildFile; fileRef = D45EE8012AC1D68A00C3D4AD /* Regras.swift */; };
		D45EE8042AC3DC0C00C3D4AD /* GameStatus.swift in Sources */ = {isa = PBXBuildFile; fileRef = D45EE8032AC3DC0C00C3D4AD /* GameStatus.swift */; };
/* End PBXBuildFile section */

/* Begin PBXContainerItemProxy section */
		D1F1D9042ABDD7D8002ED8E3 /* PBXContainerItemProxy */ = {
			isa = PBXContainerItemProxy;
			containerPortal = D1F1D8EB2ABDD7D7002ED8E3 /* Project object */;
			proxyType = 1;
			remoteGlobalIDString = D1F1D8F22ABDD7D7002ED8E3;
			remoteInfo = HackaTruco;
		};
		D1F1D90E2ABDD7D8002ED8E3 /* PBXContainerItemProxy */ = {
			isa = PBXContainerItemProxy;
			containerPortal = D1F1D8EB2ABDD7D7002ED8E3 /* Project object */;
			proxyType = 1;
			remoteGlobalIDString = D1F1D8F22ABDD7D7002ED8E3;
			remoteInfo = HackaTruco;
		};
/* End PBXContainerItemProxy section */

/* Begin PBXFileReference section */
		3FA8B5A42AC45F3A00F2D3B9 /* MatchModel.swift */ = {isa = PBXFileReference; lastKnownFileType = sourcecode.swift; path = MatchModel.swift; sourceTree = "<group>"; };
		8827E0E72AC45DD60025581C /* CardComponent.swift */ = {isa = PBXFileReference; lastKnownFileType = sourcecode.swift; path = CardComponent.swift; sourceTree = "<group>"; };
		88B2CB492AC30D8200E1EBD3 /* GameView.swift */ = {isa = PBXFileReference; lastKnownFileType = sourcecode.swift; path = GameView.swift; sourceTree = "<group>"; };
		88B2CB4C2AC3174800E1EBD3 /* ScoreView.swift */ = {isa = PBXFileReference; lastKnownFileType = sourcecode.swift; path = ScoreView.swift; sourceTree = "<group>"; };
		D1A9D6F52AC1AECD00A13B0D /* CardModel.swift */ = {isa = PBXFileReference; lastKnownFileType = sourcecode.swift; path = CardModel.swift; sourceTree = "<group>"; };
		D1A9D6F72AC1AFA500A13B0D /* DeckOfCards.swift */ = {isa = PBXFileReference; lastKnownFileType = sourcecode.swift; path = DeckOfCards.swift; sourceTree = "<group>"; };
		D1A9D6F92AC1B00D00A13B0D /* DrawModel.swift */ = {isa = PBXFileReference; lastKnownFileType = sourcecode.swift; path = DrawModel.swift; sourceTree = "<group>"; };
		D1A9D6FB2AC1B0C800A13B0D /* ShuffleModel.swift */ = {isa = PBXFileReference; lastKnownFileType = sourcecode.swift; path = ShuffleModel.swift; sourceTree = "<group>"; };
		D1A9D6FE2AC1B21800A13B0D /* ApiRequest.swift */ = {isa = PBXFileReference; lastKnownFileType = sourcecode.swift; path = ApiRequest.swift; sourceTree = "<group>"; };
		D1A9D7012AC1B8D900A13B0D /* HomeView.swift */ = {isa = PBXFileReference; lastKnownFileType = sourcecode.swift; path = HomeView.swift; sourceTree = "<group>"; };
		D1A9D7042AC2FD3D00A13B0D /* PlayerModel.swift */ = {isa = PBXFileReference; lastKnownFileType = sourcecode.swift; path = PlayerModel.swift; sourceTree = "<group>"; };
		D1A9D7072AC3017A00A13B0D /* PlayerManager.swift */ = {isa = PBXFileReference; lastKnownFileType = sourcecode.swift; path = PlayerManager.swift; sourceTree = "<group>"; };
		D1A9D7092AC30C6000A13B0D /* GameManager.swift */ = {isa = PBXFileReference; lastKnownFileType = sourcecode.swift; path = GameManager.swift; sourceTree = "<group>"; };
		D1A9D70B2AC4532B00A13B0D /* TableModel.swift */ = {isa = PBXFileReference; lastKnownFileType = sourcecode.swift; path = TableModel.swift; sourceTree = "<group>"; };
		D1A9D70D2AC4546C00A13B0D /* TableManager.swift */ = {isa = PBXFileReference; lastKnownFileType = sourcecode.swift; path = TableManager.swift; sourceTree = "<group>"; };
		D1F1D8F32ABDD7D7002ED8E3 /* HackaTruco.app */ = {isa = PBXFileReference; explicitFileType = wrapper.application; includeInIndex = 0; path = HackaTruco.app; sourceTree = BUILT_PRODUCTS_DIR; };
		D1F1D8F62ABDD7D7002ED8E3 /* HackaTrucoApp.swift */ = {isa = PBXFileReference; lastKnownFileType = sourcecode.swift; path = HackaTrucoApp.swift; sourceTree = "<group>"; };
		D1F1D8F82ABDD7D7002ED8E3 /* ContentView.swift */ = {isa = PBXFileReference; lastKnownFileType = sourcecode.swift; path = ContentView.swift; sourceTree = "<group>"; };
		D1F1D8FA2ABDD7D8002ED8E3 /* Assets.xcassets */ = {isa = PBXFileReference; lastKnownFileType = folder.assetcatalog; path = Assets.xcassets; sourceTree = "<group>"; };
		D1F1D8FD2ABDD7D8002ED8E3 /* Preview Assets.xcassets */ = {isa = PBXFileReference; lastKnownFileType = folder.assetcatalog; path = "Preview Assets.xcassets"; sourceTree = "<group>"; };
		D1F1D9032ABDD7D8002ED8E3 /* HackaTrucoTests.xctest */ = {isa = PBXFileReference; explicitFileType = wrapper.cfbundle; includeInIndex = 0; path = HackaTrucoTests.xctest; sourceTree = BUILT_PRODUCTS_DIR; };
		D1F1D9072ABDD7D8002ED8E3 /* HackaTrucoTests.swift */ = {isa = PBXFileReference; lastKnownFileType = sourcecode.swift; path = HackaTrucoTests.swift; sourceTree = "<group>"; };
		D1F1D90D2ABDD7D8002ED8E3 /* HackaTrucoUITests.xctest */ = {isa = PBXFileReference; explicitFileType = wrapper.cfbundle; includeInIndex = 0; path = HackaTrucoUITests.xctest; sourceTree = BUILT_PRODUCTS_DIR; };
		D1F1D9112ABDD7D8002ED8E3 /* HackaTrucoUITests.swift */ = {isa = PBXFileReference; lastKnownFileType = sourcecode.swift; path = HackaTrucoUITests.swift; sourceTree = "<group>"; };
		D1F1D9132ABDD7D8002ED8E3 /* HackaTrucoUITestsLaunchTests.swift */ = {isa = PBXFileReference; lastKnownFileType = sourcecode.swift; path = HackaTrucoUITestsLaunchTests.swift; sourceTree = "<group>"; };
		D45EE7F82AC1BE7900C3D4AD /* RegrasView.swift */ = {isa = PBXFileReference; lastKnownFileType = sourcecode.swift; path = RegrasView.swift; sourceTree = "<group>"; };
		D45EE7FA2AC1BE8700C3D4AD /* EstatísticasView.swift */ = {isa = PBXFileReference; lastKnownFileType = sourcecode.swift; path = "EstatísticasView.swift"; sourceTree = "<group>"; };
		D45EE7FD2AC1BEC500C3D4AD /* RetanguloComponente.swift */ = {isa = PBXFileReference; lastKnownFileType = sourcecode.swift; path = RetanguloComponente.swift; sourceTree = "<group>"; };
		D45EE7FF2AC1D34500C3D4AD /* RegrasComponente.swift */ = {isa = PBXFileReference; lastKnownFileType = sourcecode.swift; path = RegrasComponente.swift; sourceTree = "<group>"; };
		D45EE8012AC1D68A00C3D4AD /* Regras.swift */ = {isa = PBXFileReference; lastKnownFileType = sourcecode.swift; path = Regras.swift; sourceTree = "<group>"; };
		D45EE8032AC3DC0C00C3D4AD /* GameStatus.swift */ = {isa = PBXFileReference; lastKnownFileType = sourcecode.swift; path = GameStatus.swift; sourceTree = "<group>"; };
/* End PBXFileReference section */

/* Begin PBXFrameworksBuildPhase section */
		D1F1D8F02ABDD7D7002ED8E3 /* Frameworks */ = {
			isa = PBXFrameworksBuildPhase;
			buildActionMask = 2147483647;
			files = (
			);
			runOnlyForDeploymentPostprocessing = 0;
		};
		D1F1D9002ABDD7D8002ED8E3 /* Frameworks */ = {
			isa = PBXFrameworksBuildPhase;
			buildActionMask = 2147483647;
			files = (
			);
			runOnlyForDeploymentPostprocessing = 0;
		};
		D1F1D90A2ABDD7D8002ED8E3 /* Frameworks */ = {
			isa = PBXFrameworksBuildPhase;
			buildActionMask = 2147483647;
			files = (
			);
			runOnlyForDeploymentPostprocessing = 0;
		};
/* End PBXFrameworksBuildPhase section */

/* Begin PBXGroup section */
		88B2CB4B2AC3172500E1EBD3 /* Components */ = {
			isa = PBXGroup;
			children = (
				88B2CB4C2AC3174800E1EBD3 /* ScoreView.swift */,
				8827E0E72AC45DD60025581C /* CardComponent.swift */,
			);
			path = Components;
			sourceTree = "<group>";
		};
		D1A9D6F42AC1AE7E00A13B0D /* Model */ = {
			isa = PBXGroup;
			children = (
				D1A9D7062AC2FF3100A13B0D /* API */,
				D1A9D7042AC2FD3D00A13B0D /* PlayerModel.swift */,
				3FA8B5A42AC45F3A00F2D3B9 /* MatchModel.swift */,
				D1A9D70B2AC4532B00A13B0D /* TableModel.swift */,
			);
			path = Model;
			sourceTree = "<group>";
		};
		D1A9D6FD2AC1B1E400A13B0D /* ViewModel */ = {
			isa = PBXGroup;
			children = (
				D45EE8032AC3DC0C00C3D4AD /* GameStatus.swift */,
				D1A9D7032AC1C2D600A13B0D /* GameFlow */,
				D1A9D6FE2AC1B21800A13B0D /* ApiRequest.swift */,
			);
			path = ViewModel;
			sourceTree = "<group>";
		};
		D1A9D7002AC1B7AF00A13B0D /* Views */ = {
			isa = PBXGroup;
			children = (
				D1A9D7012AC1B8D900A13B0D /* HomeView.swift */,
				88B2CB492AC30D8200E1EBD3 /* GameView.swift */,
				D45EE7F82AC1BE7900C3D4AD /* RegrasView.swift */,
				D45EE7FA2AC1BE8700C3D4AD /* EstatísticasView.swift */,
				D45EE7FC2AC1BE8E00C3D4AD /* Componentes  */,
			);
			path = Views;
			sourceTree = "<group>";
		};
		D1A9D7032AC1C2D600A13B0D /* GameFlow */ = {
			isa = PBXGroup;
			children = (
				D1A9D70D2AC4546C00A13B0D /* TableManager.swift */,
				D1A9D7072AC3017A00A13B0D /* PlayerManager.swift */,
				D1A9D7092AC30C6000A13B0D /* GameManager.swift */,
			);
			path = GameFlow;
			sourceTree = "<group>";
		};
		D1A9D7062AC2FF3100A13B0D /* API */ = {
			isa = PBXGroup;
			children = (
				D1A9D6F52AC1AECD00A13B0D /* CardModel.swift */,
				D1A9D6F72AC1AFA500A13B0D /* DeckOfCards.swift */,
				D1A9D6F92AC1B00D00A13B0D /* DrawModel.swift */,
				D1A9D6FB2AC1B0C800A13B0D /* ShuffleModel.swift */,
			);
			path = API;
			sourceTree = "<group>";
		};
		D1F1D8EA2ABDD7D7002ED8E3 = {
			isa = PBXGroup;
			children = (
				D1F1D8F52ABDD7D7002ED8E3 /* HackaTruco */,
				D1F1D9062ABDD7D8002ED8E3 /* HackaTrucoTests */,
				D1F1D9102ABDD7D8002ED8E3 /* HackaTrucoUITests */,
				D1F1D8F42ABDD7D7002ED8E3 /* Products */,
			);
			sourceTree = "<group>";
		};
		D1F1D8F42ABDD7D7002ED8E3 /* Products */ = {
			isa = PBXGroup;
			children = (
				D1F1D8F32ABDD7D7002ED8E3 /* HackaTruco.app */,
				D1F1D9032ABDD7D8002ED8E3 /* HackaTrucoTests.xctest */,
				D1F1D90D2ABDD7D8002ED8E3 /* HackaTrucoUITests.xctest */,
			);
			name = Products;
			sourceTree = "<group>";
		};
		D1F1D8F52ABDD7D7002ED8E3 /* HackaTruco */ = {
			isa = PBXGroup;
			children = (
				88B2CB4B2AC3172500E1EBD3 /* Components */,
				D1A9D7002AC1B7AF00A13B0D /* Views */,
				D1A9D6FD2AC1B1E400A13B0D /* ViewModel */,
				D1A9D6F42AC1AE7E00A13B0D /* Model */,
				D1F1D8F62ABDD7D7002ED8E3 /* HackaTrucoApp.swift */,
				D1F1D8F82ABDD7D7002ED8E3 /* ContentView.swift */,
				D1F1D8FA2ABDD7D8002ED8E3 /* Assets.xcassets */,
				D1F1D8FC2ABDD7D8002ED8E3 /* Preview Content */,
			);
			path = HackaTruco;
			sourceTree = "<group>";
		};
		D1F1D8FC2ABDD7D8002ED8E3 /* Preview Content */ = {
			isa = PBXGroup;
			children = (
				D1F1D8FD2ABDD7D8002ED8E3 /* Preview Assets.xcassets */,
			);
			path = "Preview Content";
			sourceTree = "<group>";
		};
		D1F1D9062ABDD7D8002ED8E3 /* HackaTrucoTests */ = {
			isa = PBXGroup;
			children = (
				D1F1D9072ABDD7D8002ED8E3 /* HackaTrucoTests.swift */,
			);
			path = HackaTrucoTests;
			sourceTree = "<group>";
		};
		D1F1D9102ABDD7D8002ED8E3 /* HackaTrucoUITests */ = {
			isa = PBXGroup;
			children = (
				D1F1D9112ABDD7D8002ED8E3 /* HackaTrucoUITests.swift */,
				D1F1D9132ABDD7D8002ED8E3 /* HackaTrucoUITestsLaunchTests.swift */,
			);
			path = HackaTrucoUITests;
			sourceTree = "<group>";
		};
		D45EE7FC2AC1BE8E00C3D4AD /* Componentes  */ = {
			isa = PBXGroup;
			children = (
				D45EE7FD2AC1BEC500C3D4AD /* RetanguloComponente.swift */,
				D45EE7FF2AC1D34500C3D4AD /* RegrasComponente.swift */,
				D45EE8012AC1D68A00C3D4AD /* Regras.swift */,
			);
			path = "Componentes ";
			sourceTree = "<group>";
		};
/* End PBXGroup section */

/* Begin PBXNativeTarget section */
		D1F1D8F22ABDD7D7002ED8E3 /* HackaTruco */ = {
			isa = PBXNativeTarget;
			buildConfigurationList = D1F1D9172ABDD7D8002ED8E3 /* Build configuration list for PBXNativeTarget "HackaTruco" */;
			buildPhases = (
				D1F1D8EF2ABDD7D7002ED8E3 /* Sources */,
				D1F1D8F02ABDD7D7002ED8E3 /* Frameworks */,
				D1F1D8F12ABDD7D7002ED8E3 /* Resources */,
			);
			buildRules = (
			);
			dependencies = (
			);
			name = HackaTruco;
			productName = HackaTruco;
			productReference = D1F1D8F32ABDD7D7002ED8E3 /* HackaTruco.app */;
			productType = "com.apple.product-type.application";
		};
		D1F1D9022ABDD7D8002ED8E3 /* HackaTrucoTests */ = {
			isa = PBXNativeTarget;
			buildConfigurationList = D1F1D91A2ABDD7D8002ED8E3 /* Build configuration list for PBXNativeTarget "HackaTrucoTests" */;
			buildPhases = (
				D1F1D8FF2ABDD7D8002ED8E3 /* Sources */,
				D1F1D9002ABDD7D8002ED8E3 /* Frameworks */,
				D1F1D9012ABDD7D8002ED8E3 /* Resources */,
			);
			buildRules = (
			);
			dependencies = (
				D1F1D9052ABDD7D8002ED8E3 /* PBXTargetDependency */,
			);
			name = HackaTrucoTests;
			productName = HackaTrucoTests;
			productReference = D1F1D9032ABDD7D8002ED8E3 /* HackaTrucoTests.xctest */;
			productType = "com.apple.product-type.bundle.unit-test";
		};
		D1F1D90C2ABDD7D8002ED8E3 /* HackaTrucoUITests */ = {
			isa = PBXNativeTarget;
			buildConfigurationList = D1F1D91D2ABDD7D8002ED8E3 /* Build configuration list for PBXNativeTarget "HackaTrucoUITests" */;
			buildPhases = (
				D1F1D9092ABDD7D8002ED8E3 /* Sources */,
				D1F1D90A2ABDD7D8002ED8E3 /* Frameworks */,
				D1F1D90B2ABDD7D8002ED8E3 /* Resources */,
			);
			buildRules = (
			);
			dependencies = (
				D1F1D90F2ABDD7D8002ED8E3 /* PBXTargetDependency */,
			);
			name = HackaTrucoUITests;
			productName = HackaTrucoUITests;
			productReference = D1F1D90D2ABDD7D8002ED8E3 /* HackaTrucoUITests.xctest */;
			productType = "com.apple.product-type.bundle.ui-testing";
		};
/* End PBXNativeTarget section */

/* Begin PBXProject section */
		D1F1D8EB2ABDD7D7002ED8E3 /* Project object */ = {
			isa = PBXProject;
			attributes = {
				BuildIndependentTargetsInParallel = 1;
				LastSwiftUpdateCheck = 1430;
				LastUpgradeCheck = 1430;
				TargetAttributes = {
					D1F1D8F22ABDD7D7002ED8E3 = {
						CreatedOnToolsVersion = 14.3;
					};
					D1F1D9022ABDD7D8002ED8E3 = {
						CreatedOnToolsVersion = 14.3;
						TestTargetID = D1F1D8F22ABDD7D7002ED8E3;
					};
					D1F1D90C2ABDD7D8002ED8E3 = {
						CreatedOnToolsVersion = 14.3;
						TestTargetID = D1F1D8F22ABDD7D7002ED8E3;
					};
				};
			};
			buildConfigurationList = D1F1D8EE2ABDD7D7002ED8E3 /* Build configuration list for PBXProject "HackaTruco" */;
			compatibilityVersion = "Xcode 14.0";
			developmentRegion = en;
			hasScannedForEncodings = 0;
			knownRegions = (
				en,
				Base,
			);
			mainGroup = D1F1D8EA2ABDD7D7002ED8E3;
			productRefGroup = D1F1D8F42ABDD7D7002ED8E3 /* Products */;
			projectDirPath = "";
			projectRoot = "";
			targets = (
				D1F1D8F22ABDD7D7002ED8E3 /* HackaTruco */,
				D1F1D9022ABDD7D8002ED8E3 /* HackaTrucoTests */,
				D1F1D90C2ABDD7D8002ED8E3 /* HackaTrucoUITests */,
			);
		};
/* End PBXProject section */

/* Begin PBXResourcesBuildPhase section */
		D1F1D8F12ABDD7D7002ED8E3 /* Resources */ = {
			isa = PBXResourcesBuildPhase;
			buildActionMask = 2147483647;
			files = (
				D1F1D8FE2ABDD7D8002ED8E3 /* Preview Assets.xcassets in Resources */,
				D1F1D8FB2ABDD7D8002ED8E3 /* Assets.xcassets in Resources */,
			);
			runOnlyForDeploymentPostprocessing = 0;
		};
		D1F1D9012ABDD7D8002ED8E3 /* Resources */ = {
			isa = PBXResourcesBuildPhase;
			buildActionMask = 2147483647;
			files = (
			);
			runOnlyForDeploymentPostprocessing = 0;
		};
		D1F1D90B2ABDD7D8002ED8E3 /* Resources */ = {
			isa = PBXResourcesBuildPhase;
			buildActionMask = 2147483647;
			files = (
			);
			runOnlyForDeploymentPostprocessing = 0;
		};
/* End PBXResourcesBuildPhase section */

/* Begin PBXSourcesBuildPhase section */
		D1F1D8EF2ABDD7D7002ED8E3 /* Sources */ = {
			isa = PBXSourcesBuildPhase;
			buildActionMask = 2147483647;
			files = (
				3FA8B5A52AC45F3A00F2D3B9 /* MatchModel.swift in Sources */,
				D1A9D70E2AC4546C00A13B0D /* TableManager.swift in Sources */,
				D1A9D7082AC3017A00A13B0D /* PlayerManager.swift in Sources */,
				D45EE8042AC3DC0C00C3D4AD /* GameStatus.swift in Sources */,
				D1A9D6FA2AC1B00D00A13B0D /* DrawModel.swift in Sources */,
				D1A9D6FC2AC1B0C800A13B0D /* ShuffleModel.swift in Sources */,
				D1A9D70A2AC30C6000A13B0D /* GameManager.swift in Sources */,
				D1F1D8F92ABDD7D7002ED8E3 /* ContentView.swift in Sources */,
				D1A9D70C2AC4532B00A13B0D /* TableModel.swift in Sources */,
				D1A9D7052AC2FD3D00A13B0D /* PlayerModel.swift in Sources */,
				D1A9D6F82AC1AFA500A13B0D /* DeckOfCards.swift in Sources */,
				88B2CB4A2AC30D8200E1EBD3 /* GameView.swift in Sources */,
				D45EE7F92AC1BE7900C3D4AD /* RegrasView.swift in Sources */,
				D45EE7FE2AC1BEC500C3D4AD /* RetanguloComponente.swift in Sources */,
				D45EE8022AC1D68A00C3D4AD /* Regras.swift in Sources */,
				D45EE8002AC1D34500C3D4AD /* RegrasComponente.swift in Sources */,
				D1F1D8F72ABDD7D7002ED8E3 /* HackaTrucoApp.swift in Sources */,
				D1A9D7022AC1B8D900A13B0D /* HomeView.swift in Sources */,
				D1A9D6FF2AC1B21800A13B0D /* ApiRequest.swift in Sources */,
				D1A9D6F62AC1AECD00A13B0D /* CardModel.swift in Sources */,
				88B2CB4D2AC3174800E1EBD3 /* ScoreView.swift in Sources */,
				8827E0E82AC45DD60025581C /* CardComponent.swift in Sources */,
				D45EE7FB2AC1BE8700C3D4AD /* EstatísticasView.swift in Sources */,
			);
			runOnlyForDeploymentPostprocessing = 0;
		};
		D1F1D8FF2ABDD7D8002ED8E3 /* Sources */ = {
			isa = PBXSourcesBuildPhase;
			buildActionMask = 2147483647;
			files = (
				D1F1D9082ABDD7D8002ED8E3 /* HackaTrucoTests.swift in Sources */,
			);
			runOnlyForDeploymentPostprocessing = 0;
		};
		D1F1D9092ABDD7D8002ED8E3 /* Sources */ = {
			isa = PBXSourcesBuildPhase;
			buildActionMask = 2147483647;
			files = (
				D1F1D9122ABDD7D8002ED8E3 /* HackaTrucoUITests.swift in Sources */,
				D1F1D9142ABDD7D8002ED8E3 /* HackaTrucoUITestsLaunchTests.swift in Sources */,
			);
			runOnlyForDeploymentPostprocessing = 0;
		};
/* End PBXSourcesBuildPhase section */

/* Begin PBXTargetDependency section */
		D1F1D9052ABDD7D8002ED8E3 /* PBXTargetDependency */ = {
			isa = PBXTargetDependency;
			target = D1F1D8F22ABDD7D7002ED8E3 /* HackaTruco */;
			targetProxy = D1F1D9042ABDD7D8002ED8E3 /* PBXContainerItemProxy */;
		};
		D1F1D90F2ABDD7D8002ED8E3 /* PBXTargetDependency */ = {
			isa = PBXTargetDependency;
			target = D1F1D8F22ABDD7D7002ED8E3 /* HackaTruco */;
			targetProxy = D1F1D90E2ABDD7D8002ED8E3 /* PBXContainerItemProxy */;
		};
/* End PBXTargetDependency section */

/* Begin XCBuildConfiguration section */
		D1F1D9152ABDD7D8002ED8E3 /* Debug */ = {
			isa = XCBuildConfiguration;
			buildSettings = {
				ALWAYS_SEARCH_USER_PATHS = NO;
				CLANG_ANALYZER_NONNULL = YES;
				CLANG_ANALYZER_NUMBER_OBJECT_CONVERSION = YES_AGGRESSIVE;
				CLANG_CXX_LANGUAGE_STANDARD = "gnu++20";
				CLANG_ENABLE_MODULES = YES;
				CLANG_ENABLE_OBJC_ARC = YES;
				CLANG_ENABLE_OBJC_WEAK = YES;
				CLANG_WARN_BLOCK_CAPTURE_AUTORELEASING = YES;
				CLANG_WARN_BOOL_CONVERSION = YES;
				CLANG_WARN_COMMA = YES;
				CLANG_WARN_CONSTANT_CONVERSION = YES;
				CLANG_WARN_DEPRECATED_OBJC_IMPLEMENTATIONS = YES;
				CLANG_WARN_DIRECT_OBJC_ISA_USAGE = YES_ERROR;
				CLANG_WARN_DOCUMENTATION_COMMENTS = YES;
				CLANG_WARN_EMPTY_BODY = YES;
				CLANG_WARN_ENUM_CONVERSION = YES;
				CLANG_WARN_INFINITE_RECURSION = YES;
				CLANG_WARN_INT_CONVERSION = YES;
				CLANG_WARN_NON_LITERAL_NULL_CONVERSION = YES;
				CLANG_WARN_OBJC_IMPLICIT_RETAIN_SELF = YES;
				CLANG_WARN_OBJC_LITERAL_CONVERSION = YES;
				CLANG_WARN_OBJC_ROOT_CLASS = YES_ERROR;
				CLANG_WARN_QUOTED_INCLUDE_IN_FRAMEWORK_HEADER = YES;
				CLANG_WARN_RANGE_LOOP_ANALYSIS = YES;
				CLANG_WARN_STRICT_PROTOTYPES = YES;
				CLANG_WARN_SUSPICIOUS_MOVE = YES;
				CLANG_WARN_UNGUARDED_AVAILABILITY = YES_AGGRESSIVE;
				CLANG_WARN_UNREACHABLE_CODE = YES;
				CLANG_WARN__DUPLICATE_METHOD_MATCH = YES;
				COPY_PHASE_STRIP = NO;
				DEBUG_INFORMATION_FORMAT = dwarf;
				ENABLE_STRICT_OBJC_MSGSEND = YES;
				ENABLE_TESTABILITY = YES;
				GCC_C_LANGUAGE_STANDARD = gnu11;
				GCC_DYNAMIC_NO_PIC = NO;
				GCC_NO_COMMON_BLOCKS = YES;
				GCC_OPTIMIZATION_LEVEL = 0;
				GCC_PREPROCESSOR_DEFINITIONS = (
					"DEBUG=1",
					"$(inherited)",
				);
				GCC_WARN_64_TO_32_BIT_CONVERSION = YES;
				GCC_WARN_ABOUT_RETURN_TYPE = YES_ERROR;
				GCC_WARN_UNDECLARED_SELECTOR = YES;
				GCC_WARN_UNINITIALIZED_AUTOS = YES_AGGRESSIVE;
				GCC_WARN_UNUSED_FUNCTION = YES;
				GCC_WARN_UNUSED_VARIABLE = YES;
				IPHONEOS_DEPLOYMENT_TARGET = 16.4;
				MTL_ENABLE_DEBUG_INFO = INCLUDE_SOURCE;
				MTL_FAST_MATH = YES;
				ONLY_ACTIVE_ARCH = YES;
				SDKROOT = iphoneos;
				SWIFT_ACTIVE_COMPILATION_CONDITIONS = DEBUG;
				SWIFT_OPTIMIZATION_LEVEL = "-Onone";
			};
			name = Debug;
		};
		D1F1D9162ABDD7D8002ED8E3 /* Release */ = {
			isa = XCBuildConfiguration;
			buildSettings = {
				ALWAYS_SEARCH_USER_PATHS = NO;
				CLANG_ANALYZER_NONNULL = YES;
				CLANG_ANALYZER_NUMBER_OBJECT_CONVERSION = YES_AGGRESSIVE;
				CLANG_CXX_LANGUAGE_STANDARD = "gnu++20";
				CLANG_ENABLE_MODULES = YES;
				CLANG_ENABLE_OBJC_ARC = YES;
				CLANG_ENABLE_OBJC_WEAK = YES;
				CLANG_WARN_BLOCK_CAPTURE_AUTORELEASING = YES;
				CLANG_WARN_BOOL_CONVERSION = YES;
				CLANG_WARN_COMMA = YES;
				CLANG_WARN_CONSTANT_CONVERSION = YES;
				CLANG_WARN_DEPRECATED_OBJC_IMPLEMENTATIONS = YES;
				CLANG_WARN_DIRECT_OBJC_ISA_USAGE = YES_ERROR;
				CLANG_WARN_DOCUMENTATION_COMMENTS = YES;
				CLANG_WARN_EMPTY_BODY = YES;
				CLANG_WARN_ENUM_CONVERSION = YES;
				CLANG_WARN_INFINITE_RECURSION = YES;
				CLANG_WARN_INT_CONVERSION = YES;
				CLANG_WARN_NON_LITERAL_NULL_CONVERSION = YES;
				CLANG_WARN_OBJC_IMPLICIT_RETAIN_SELF = YES;
				CLANG_WARN_OBJC_LITERAL_CONVERSION = YES;
				CLANG_WARN_OBJC_ROOT_CLASS = YES_ERROR;
				CLANG_WARN_QUOTED_INCLUDE_IN_FRAMEWORK_HEADER = YES;
				CLANG_WARN_RANGE_LOOP_ANALYSIS = YES;
				CLANG_WARN_STRICT_PROTOTYPES = YES;
				CLANG_WARN_SUSPICIOUS_MOVE = YES;
				CLANG_WARN_UNGUARDED_AVAILABILITY = YES_AGGRESSIVE;
				CLANG_WARN_UNREACHABLE_CODE = YES;
				CLANG_WARN__DUPLICATE_METHOD_MATCH = YES;
				COPY_PHASE_STRIP = NO;
				DEBUG_INFORMATION_FORMAT = "dwarf-with-dsym";
				ENABLE_NS_ASSERTIONS = NO;
				ENABLE_STRICT_OBJC_MSGSEND = YES;
				GCC_C_LANGUAGE_STANDARD = gnu11;
				GCC_NO_COMMON_BLOCKS = YES;
				GCC_WARN_64_TO_32_BIT_CONVERSION = YES;
				GCC_WARN_ABOUT_RETURN_TYPE = YES_ERROR;
				GCC_WARN_UNDECLARED_SELECTOR = YES;
				GCC_WARN_UNINITIALIZED_AUTOS = YES_AGGRESSIVE;
				GCC_WARN_UNUSED_FUNCTION = YES;
				GCC_WARN_UNUSED_VARIABLE = YES;
				IPHONEOS_DEPLOYMENT_TARGET = 16.4;
				MTL_ENABLE_DEBUG_INFO = NO;
				MTL_FAST_MATH = YES;
				SDKROOT = iphoneos;
				SWIFT_COMPILATION_MODE = wholemodule;
				SWIFT_OPTIMIZATION_LEVEL = "-O";
				VALIDATE_PRODUCT = YES;
			};
			name = Release;
		};
		D1F1D9182ABDD7D8002ED8E3 /* Debug */ = {
			isa = XCBuildConfiguration;
			buildSettings = {
				ASSETCATALOG_COMPILER_APPICON_NAME = AppIcon;
				ASSETCATALOG_COMPILER_GLOBAL_ACCENT_COLOR_NAME = AccentColor;
				CODE_SIGN_STYLE = Automatic;
				CURRENT_PROJECT_VERSION = 1;
				DEVELOPMENT_ASSET_PATHS = "\"HackaTruco/Preview Content\"";
				DEVELOPMENT_TEAM = MM9XM3Z7DH;
				ENABLE_PREVIEWS = YES;
				GENERATE_INFOPLIST_FILE = YES;
				INFOPLIST_KEY_UIApplicationSceneManifest_Generation = YES;
				INFOPLIST_KEY_UIApplicationSupportsIndirectInputEvents = YES;
				INFOPLIST_KEY_UILaunchScreen_Generation = YES;
				INFOPLIST_KEY_UISupportedInterfaceOrientations_iPad = "UIInterfaceOrientationPortrait UIInterfaceOrientationPortraitUpsideDown UIInterfaceOrientationLandscapeLeft UIInterfaceOrientationLandscapeRight";
				INFOPLIST_KEY_UISupportedInterfaceOrientations_iPhone = "UIInterfaceOrientationPortrait UIInterfaceOrientationLandscapeLeft UIInterfaceOrientationLandscapeRight";
				LD_RUNPATH_SEARCH_PATHS = (
					"$(inherited)",
					"@executable_path/Frameworks",
				);
				MARKETING_VERSION = 1.0;
				PRODUCT_BUNDLE_IDENTIFIER = HackTruck.HackaTruco;
				PRODUCT_NAME = "$(TARGET_NAME)";
				SWIFT_EMIT_LOC_STRINGS = YES;
				SWIFT_VERSION = 5.0;
				TARGETED_DEVICE_FAMILY = "1,2";
			};
			name = Debug;
		};
		D1F1D9192ABDD7D8002ED8E3 /* Release */ = {
			isa = XCBuildConfiguration;
			buildSettings = {
				ASSETCATALOG_COMPILER_APPICON_NAME = AppIcon;
				ASSETCATALOG_COMPILER_GLOBAL_ACCENT_COLOR_NAME = AccentColor;
				CODE_SIGN_STYLE = Automatic;
				CURRENT_PROJECT_VERSION = 1;
				DEVELOPMENT_ASSET_PATHS = "\"HackaTruco/Preview Content\"";
				DEVELOPMENT_TEAM = MM9XM3Z7DH;
				ENABLE_PREVIEWS = YES;
				GENERATE_INFOPLIST_FILE = YES;
				INFOPLIST_KEY_UIApplicationSceneManifest_Generation = YES;
				INFOPLIST_KEY_UIApplicationSupportsIndirectInputEvents = YES;
				INFOPLIST_KEY_UILaunchScreen_Generation = YES;
				INFOPLIST_KEY_UISupportedInterfaceOrientations_iPad = "UIInterfaceOrientationPortrait UIInterfaceOrientationPortraitUpsideDown UIInterfaceOrientationLandscapeLeft UIInterfaceOrientationLandscapeRight";
				INFOPLIST_KEY_UISupportedInterfaceOrientations_iPhone = "UIInterfaceOrientationPortrait UIInterfaceOrientationLandscapeLeft UIInterfaceOrientationLandscapeRight";
				LD_RUNPATH_SEARCH_PATHS = (
					"$(inherited)",
					"@executable_path/Frameworks",
				);
				MARKETING_VERSION = 1.0;
				PRODUCT_BUNDLE_IDENTIFIER = HackTruck.HackaTruco;
				PRODUCT_NAME = "$(TARGET_NAME)";
				SWIFT_EMIT_LOC_STRINGS = YES;
				SWIFT_VERSION = 5.0;
				TARGETED_DEVICE_FAMILY = "1,2";
			};
			name = Release;
		};
		D1F1D91B2ABDD7D8002ED8E3 /* Debug */ = {
			isa = XCBuildConfiguration;
			buildSettings = {
				ALWAYS_EMBED_SWIFT_STANDARD_LIBRARIES = YES;
				BUNDLE_LOADER = "$(TEST_HOST)";
				CODE_SIGN_STYLE = Automatic;
				CURRENT_PROJECT_VERSION = 1;
				DEVELOPMENT_TEAM = 3SWCGFCJF2;
				GENERATE_INFOPLIST_FILE = YES;
				IPHONEOS_DEPLOYMENT_TARGET = 16.4;
				MARKETING_VERSION = 1.0;
				PRODUCT_BUNDLE_IDENTIFIER = HackTruck.HackaTrucoTests;
				PRODUCT_NAME = "$(TARGET_NAME)";
				SWIFT_EMIT_LOC_STRINGS = NO;
				SWIFT_VERSION = 5.0;
				TARGETED_DEVICE_FAMILY = "1,2";
				TEST_HOST = "$(BUILT_PRODUCTS_DIR)/HackaTruco.app/$(BUNDLE_EXECUTABLE_FOLDER_PATH)/HackaTruco";
			};
			name = Debug;
		};
		D1F1D91C2ABDD7D8002ED8E3 /* Release */ = {
			isa = XCBuildConfiguration;
			buildSettings = {
				ALWAYS_EMBED_SWIFT_STANDARD_LIBRARIES = YES;
				BUNDLE_LOADER = "$(TEST_HOST)";
				CODE_SIGN_STYLE = Automatic;
				CURRENT_PROJECT_VERSION = 1;
				DEVELOPMENT_TEAM = 3SWCGFCJF2;
				GENERATE_INFOPLIST_FILE = YES;
				IPHONEOS_DEPLOYMENT_TARGET = 16.4;
				MARKETING_VERSION = 1.0;
				PRODUCT_BUNDLE_IDENTIFIER = HackTruck.HackaTrucoTests;
				PRODUCT_NAME = "$(TARGET_NAME)";
				SWIFT_EMIT_LOC_STRINGS = NO;
				SWIFT_VERSION = 5.0;
				TARGETED_DEVICE_FAMILY = "1,2";
				TEST_HOST = "$(BUILT_PRODUCTS_DIR)/HackaTruco.app/$(BUNDLE_EXECUTABLE_FOLDER_PATH)/HackaTruco";
			};
			name = Release;
		};
		D1F1D91E2ABDD7D8002ED8E3 /* Debug */ = {
			isa = XCBuildConfiguration;
			buildSettings = {
				ALWAYS_EMBED_SWIFT_STANDARD_LIBRARIES = YES;
				CODE_SIGN_STYLE = Automatic;
				CURRENT_PROJECT_VERSION = 1;
				DEVELOPMENT_TEAM = 3SWCGFCJF2;
				GENERATE_INFOPLIST_FILE = YES;
				MARKETING_VERSION = 1.0;
				PRODUCT_BUNDLE_IDENTIFIER = HackTruck.HackaTrucoUITests;
				PRODUCT_NAME = "$(TARGET_NAME)";
				SWIFT_EMIT_LOC_STRINGS = NO;
				SWIFT_VERSION = 5.0;
				TARGETED_DEVICE_FAMILY = "1,2";
				TEST_TARGET_NAME = HackaTruco;
			};
			name = Debug;
		};
		D1F1D91F2ABDD7D8002ED8E3 /* Release */ = {
			isa = XCBuildConfiguration;
			buildSettings = {
				ALWAYS_EMBED_SWIFT_STANDARD_LIBRARIES = YES;
				CODE_SIGN_STYLE = Automatic;
				CURRENT_PROJECT_VERSION = 1;
				DEVELOPMENT_TEAM = 3SWCGFCJF2;
				GENERATE_INFOPLIST_FILE = YES;
				MARKETING_VERSION = 1.0;
				PRODUCT_BUNDLE_IDENTIFIER = HackTruck.HackaTrucoUITests;
				PRODUCT_NAME = "$(TARGET_NAME)";
				SWIFT_EMIT_LOC_STRINGS = NO;
				SWIFT_VERSION = 5.0;
				TARGETED_DEVICE_FAMILY = "1,2";
				TEST_TARGET_NAME = HackaTruco;
			};
			name = Release;
		};
/* End XCBuildConfiguration section */

/* Begin XCConfigurationList section */
		D1F1D8EE2ABDD7D7002ED8E3 /* Build configuration list for PBXProject "HackaTruco" */ = {
			isa = XCConfigurationList;
			buildConfigurations = (
				D1F1D9152ABDD7D8002ED8E3 /* Debug */,
				D1F1D9162ABDD7D8002ED8E3 /* Release */,
			);
			defaultConfigurationIsVisible = 0;
			defaultConfigurationName = Release;
		};
		D1F1D9172ABDD7D8002ED8E3 /* Build configuration list for PBXNativeTarget "HackaTruco" */ = {
			isa = XCConfigurationList;
			buildConfigurations = (
				D1F1D9182ABDD7D8002ED8E3 /* Debug */,
				D1F1D9192ABDD7D8002ED8E3 /* Release */,
			);
			defaultConfigurationIsVisible = 0;
			defaultConfigurationName = Release;
		};
		D1F1D91A2ABDD7D8002ED8E3 /* Build configuration list for PBXNativeTarget "HackaTrucoTests" */ = {
			isa = XCConfigurationList;
			buildConfigurations = (
				D1F1D91B2ABDD7D8002ED8E3 /* Debug */,
				D1F1D91C2ABDD7D8002ED8E3 /* Release */,
			);
			defaultConfigurationIsVisible = 0;
			defaultConfigurationName = Release;
		};
		D1F1D91D2ABDD7D8002ED8E3 /* Build configuration list for PBXNativeTarget "HackaTrucoUITests" */ = {
			isa = XCConfigurationList;
			buildConfigurations = (
				D1F1D91E2ABDD7D8002ED8E3 /* Debug */,
				D1F1D91F2ABDD7D8002ED8E3 /* Release */,
			);
			defaultConfigurationIsVisible = 0;
			defaultConfigurationName = Release;
		};
/* End XCConfigurationList section */
	};
	rootObject = D1F1D8EB2ABDD7D7002ED8E3 /* Project object */;
}
